
Microsoft Visual Studio Solution File, Format Version 12.00
# Visual Studio 15
VisualStudioVersion = 15.0.28307.1022
MinimumVisualStudioVersion = 10.0.40219.1
Project("{FAE04EC0-301F-11D3-BF4B-00C04F79EFBC}") = "javaHashmapParser", "javaHashmapParser\javaHashmapParser.csproj", "{30AC771F-666B-4829-AD19-5D21E3AE28D0}"
EndProject
Global
	GlobalSection(SolutionConfigurationPlatforms) = preSolution
		Debug|Any CPU = Debug|Any CPU
		Release|Any CPU = Release|Any CPU
	EndGlobalSection
	GlobalSection(ProjectConfigurationPlatforms) = postSolution
		{30AC771F-666B-4829-AD19-5D21E3AE28D0}.Debug|Any CPU.ActiveCfg = Debug|Any CPU
		{30AC771F-666B-4829-AD19-5D21E3AE28D0}.Debug|Any CPU.Build.0 = Debug|Any CPU
		{30AC771F-666B-4829-AD19-5D21E3AE28D0}.Release|Any CPU.ActiveCfg = Release|Any CPU
		{30AC771F-666B-4829-AD19-5D21E3AE28D0}.Release|Any CPU.Build.0 = Release|Any CPU
	EndGlobalSection
	GlobalSection(SolutionProperties) = preSolution
		HideSolutionNode = FALSE
	EndGlobalSection
	GlobalSection(ExtensibilityGlobals) = postSolution
		SolutionGuid = {1E1B0E40-9364-46E5-BCA8-432A11A48A87}
	EndGlobalSection
EndGlobal
